
Microsoft Visual Studio Solution File, Format Version 12.00
# Visual Studio Version 16
VisualStudioVersion = 16.0.30804.86
MinimumVisualStudioVersion = 10.0.40219.1
Project("{888888A0-9F3D-457C-B088-3A5042F75D52}") = "GuessGame", "GuessGame\GuessGame.pyproj", "{7C05C998-D5EE-497C-BB15-788C9933EAA7}"
EndProject
Global
	GlobalSection(SolutionConfigurationPlatforms) = preSolution
		Debug|Any CPU = Debug|Any CPU
		Release|Any CPU = Release|Any CPU
	EndGlobalSection
	GlobalSection(ProjectConfigurationPlatforms) = postSolution
		{7C05C998-D5EE-497C-BB15-788C9933EAA7}.Debug|Any CPU.ActiveCfg = Debug|Any CPU
		{7C05C998-D5EE-497C-BB15-788C9933EAA7}.Release|Any CPU.ActiveCfg = Release|Any CPU
	EndGlobalSection
	GlobalSection(SolutionProperties) = preSolution
		HideSolutionNode = FALSE
	EndGlobalSection
	GlobalSection(ExtensibilityGlobals) = postSolution
		SolutionGuid = {A40A0FCC-78F1-42AC-8A63-F21D7CEE3B96}
	EndGlobalSection
EndGlobal
